
Microsoft Visual Studio Solution File, Format Version 12.00
# Visual Studio Version 16
VisualStudioVersion = 16.0.32413.511
MinimumVisualStudioVersion = 10.0.40219.1
Project("{FAE04EC0-301F-11D3-BF4B-00C04F79EFBC}") = "Learning diary Maria Toivanen", "Learning diary Maria Toivanen\Learning diary Maria Toivanen.csproj", "{EC31874C-FBDA-4BD2-884C-B98C6C700172}"
EndProject
Global
	GlobalSection(SolutionConfigurationPlatforms) = preSolution
		Debug|Any CPU = Debug|Any CPU
		Release|Any CPU = Release|Any CPU
	EndGlobalSection
	GlobalSection(ProjectConfigurationPlatforms) = postSolution
		{EC31874C-FBDA-4BD2-884C-B98C6C700172}.Debug|Any CPU.ActiveCfg = Debug|Any CPU
		{EC31874C-FBDA-4BD2-884C-B98C6C700172}.Debug|Any CPU.Build.0 = Debug|Any CPU
		{EC31874C-FBDA-4BD2-884C-B98C6C700172}.Release|Any CPU.ActiveCfg = Release|Any CPU
		{EC31874C-FBDA-4BD2-884C-B98C6C700172}.Release|Any CPU.Build.0 = Release|Any CPU
	EndGlobalSection
	GlobalSection(SolutionProperties) = preSolution
		HideSolutionNode = FALSE
	EndGlobalSection
	GlobalSection(ExtensibilityGlobals) = postSolution
		SolutionGuid = {E1EAF9F2-0FFD-4A8C-A62D-2E05B838366D}
	EndGlobalSection
EndGlobal
